
Microsoft Visual Studio Solution File, Format Version 12.00
# Visual Studio 15
Project("{FAE04EC0-301F-11D3-BF4B-00C04F79EFBC}") = "Lab6-CarrizoAntonia", "Lab6-CarrizoAntonia\Lab6-CarrizoAntonia.csproj", "{E98ECA29-FBAD-4E1C-8DE5-740D8D32754A}"
EndProject
Global
	GlobalSection(SolutionConfigurationPlatforms) = preSolution
		Debug|anycpu = Debug|anycpu
		Release|anycpu = Release|anycpu
	EndGlobalSection
	GlobalSection(ProjectConfigurationPlatforms) = postSolution
		{E98ECA29-FBAD-4E1C-8DE5-740D8D32754A}.Debug|anycpu.ActiveCfg = Debug|anycpu
		{E98ECA29-FBAD-4E1C-8DE5-740D8D32754A}.Debug|anycpu.Build.0 = Debug|anycpu
		{E98ECA29-FBAD-4E1C-8DE5-740D8D32754A}.Release|anycpu.ActiveCfg = Release|anycpu
		{E98ECA29-FBAD-4E1C-8DE5-740D8D32754A}.Release|anycpu.Build.0 = Release|anycpu
	EndGlobalSection
EndGlobal
